
Microsoft Visual Studio Solution File, Format Version 11.00
# Visual Studio 2010
Project("{FAE04EC0-301F-11D3-BF4B-00C04F79EFBC}") = "First_App_AR", "Assembly-CSharp.csproj", "{BBA47086-5444-BCDC-2352-BC24AAE42C9B}"
EndProject
Project("{FAE04EC0-301F-11D3-BF4B-00C04F79EFBC}") = "First_App_AR", "Assembly-CSharp-Editor.csproj", "{4495E21D-5F5C-6F6E-4FAE-60A9EB80265E}"
EndProject
Global
	GlobalSection(SolutionConfigurationPlatforms) = preSolution
		Debug|Any CPU = Debug|Any CPU
		Release|Any CPU = Release|Any CPU
	EndGlobalSection
	GlobalSection(ProjectConfigurationPlatforms) = postSolution
		{BBA47086-5444-BCDC-2352-BC24AAE42C9B}.Debug|Any CPU.ActiveCfg = Debug|Any CPU
		{BBA47086-5444-BCDC-2352-BC24AAE42C9B}.Debug|Any CPU.Build.0 = Debug|Any CPU
		{BBA47086-5444-BCDC-2352-BC24AAE42C9B}.Release|Any CPU.ActiveCfg = Release|Any CPU
		{BBA47086-5444-BCDC-2352-BC24AAE42C9B}.Release|Any CPU.Build.0 = Release|Any CPU
		{4495E21D-5F5C-6F6E-4FAE-60A9EB80265E}.Debug|Any CPU.ActiveCfg = Debug|Any CPU
		{4495E21D-5F5C-6F6E-4FAE-60A9EB80265E}.Debug|Any CPU.Build.0 = Debug|Any CPU
		{4495E21D-5F5C-6F6E-4FAE-60A9EB80265E}.Release|Any CPU.ActiveCfg = Release|Any CPU
		{4495E21D-5F5C-6F6E-4FAE-60A9EB80265E}.Release|Any CPU.Build.0 = Release|Any CPU
	EndGlobalSection
	GlobalSection(SolutionProperties) = preSolution
		HideSolutionNode = FALSE
	EndGlobalSection
	GlobalSection(MonoDevelopProperties) = preSolution
		StartupItem = Assembly-CSharp.csproj
	EndGlobalSection
EndGlobal
